
Microsoft Visual Studio Solution File, Format Version 12.00
# Visual Studio Version 17
VisualStudioVersion = 17.0.31903.59
MinimumVisualStudioVersion = 10.0.40219.1
Project("{FAE04EC0-301F-11D3-BF4B-00C04F79EFBC}") = "WindowsFormsApp1", "WindowsFormsApp1\WindowsFormsApp1.csproj", "{45E3AD12-9051-471B-906D-7E80B71F4401}"
EndProject
Global
	GlobalSection(SolutionConfigurationPlatforms) = preSolution
		Debug|Any CPU = Debug|Any CPU
		Release|Any CPU = Release|Any CPU
	EndGlobalSection
	GlobalSection(ProjectConfigurationPlatforms) = postSolution
		{45E3AD12-9051-471B-906D-7E80B71F4401}.Debug|Any CPU.ActiveCfg = Debug|Any CPU
		{45E3AD12-9051-471B-906D-7E80B71F4401}.Debug|Any CPU.Build.0 = Debug|Any CPU
		{45E3AD12-9051-471B-906D-7E80B71F4401}.Release|Any CPU.ActiveCfg = Release|Any CPU
		{45E3AD12-9051-471B-906D-7E80B71F4401}.Release|Any CPU.Build.0 = Release|Any CPU
	EndGlobalSection
	GlobalSection(SolutionProperties) = preSolution
		HideSolutionNode = FALSE
	EndGlobalSection
	GlobalSection(ExtensibilityGlobals) = postSolution
		SolutionGuid = {FBCA5CC4-9B41-4DC3-AC6C-2E495D74F1A7}
	EndGlobalSection
EndGlobal
